
Microsoft Visual Studio Solution File, Format Version 12.00
# Visual Studio 15
VisualStudioVersion = 15.0.27130.2010
MinimumVisualStudioVersion = 10.0.40219.1
Project("{FAE04EC0-301F-11D3-BF4B-00C04F79EFBC}") = "Visitor", "Visitor\Visitor.csproj", "{18077A04-707A-4EF0-BE25-C521D12C6453}"
EndProject
Global
	GlobalSection(SolutionConfigurationPlatforms) = preSolution
		Debug|Any CPU = Debug|Any CPU
		Release|Any CPU = Release|Any CPU
	EndGlobalSection
	GlobalSection(ProjectConfigurationPlatforms) = postSolution
		{18077A04-707A-4EF0-BE25-C521D12C6453}.Debug|Any CPU.ActiveCfg = Debug|Any CPU
		{18077A04-707A-4EF0-BE25-C521D12C6453}.Debug|Any CPU.Build.0 = Debug|Any CPU
		{18077A04-707A-4EF0-BE25-C521D12C6453}.Release|Any CPU.ActiveCfg = Release|Any CPU
		{18077A04-707A-4EF0-BE25-C521D12C6453}.Release|Any CPU.Build.0 = Release|Any CPU
	EndGlobalSection
	GlobalSection(SolutionProperties) = preSolution
		HideSolutionNode = FALSE
	EndGlobalSection
	GlobalSection(ExtensibilityGlobals) = postSolution
		SolutionGuid = {865E50F4-B0EE-42D3-B066-E31B86A7ED8D}
	EndGlobalSection
EndGlobal
